// !$*UTF8*$!
{
	archiveVersion = 1;
	classes = {
	};
	objectVersion = 50;
	objects = {

/* Begin PBXBuildFile section */
		C1E1F125259E5B2800EE02B0 /* AppDelegate.swift in Sources */ = {isa = PBXBuildFile; fileRef = C1E1F124259E5B2800EE02B0 /* AppDelegate.swift */; };
		C1E1F127259E5B2800EE02B0 /* SceneDelegate.swift in Sources */ = {isa = PBXBuildFile; fileRef = C1E1F126259E5B2800EE02B0 /* SceneDelegate.swift */; };
		C1E1F129259E5B2800EE02B0 /* ViewController.swift in Sources */ = {isa = PBXBuildFile; fileRef = C1E1F128259E5B2800EE02B0 /* ViewController.swift */; };
		C1E1F12C259E5B2800EE02B0 /* Main.storyboard in Resources */ = {isa = PBXBuildFile; fileRef = C1E1F12A259E5B2800EE02B0 /* Main.storyboard */; };
		C1E1F12E259E5B3900EE02B0 /* Assets.xcassets in Resources */ = {isa = PBXBuildFile; fileRef = C1E1F12D259E5B3900EE02B0 /* Assets.xcassets */; };
		C1E1F131259E5B3900EE02B0 /* LaunchScreen.storyboard in Resources */ = {isa = PBXBuildFile; fileRef = C1E1F12F259E5B3900EE02B0 /* LaunchScreen.storyboard */; };
/* End PBXBuildFile section */

/* Begin PBXFileReference section */
		C1E1F121259E5B2800EE02B0 /* Levenslot-iOS14.3.app */ = {isa = PBXFileReference; explicitFileType = wrapper.application; includeInIndex = 0; path = "Levenslot-iOS14.3.app"; sourceTree = BUILT_PRODUCTS_DIR; };
		C1E1F124259E5B2800EE02B0 /* AppDelegate.swift */ = {isa = PBXFileReference; lastKnownFileType = sourcecode.swift; path = AppDelegate.swift; sourceTree = "<group>"; };
		C1E1F126259E5B2800EE02B0 /* SceneDelegate.swift */ = {isa = PBXFileReference; lastKnownFileType = sourcecode.swift; path = SceneDelegate.swift; sourceTree = "<group>"; };
		C1E1F128259E5B2800EE02B0 /* ViewController.swift */ = {isa = PBXFileReference; lastKnownFileType = sourcecode.swift; path = ViewController.swift; sourceTree = "<group>"; };
		C1E1F12B259E5B2800EE02B0 /* Base */ = {isa = PBXFileReference; lastKnownFileType = file.storyboard; name = Base; path = Base.lproj/Main.storyboard; sourceTree = "<group>"; };
		C1E1F12D259E5B3900EE02B0 /* Assets.xcassets */ = {isa = PBXFileReference; lastKnownFileType = folder.assetcatalog; path = Assets.xcassets; sourceTree = "<group>"; };
		C1E1F130259E5B3900EE02B0 /* Base */ = {isa = PBXFileReference; lastKnownFileType = file.storyboard; name = Base; path = Base.lproj/LaunchScreen.storyboard; sourceTree = "<group>"; };
		C1E1F132259E5B3900EE02B0 /* Info.plist */ = {isa = PBXFileReference; lastKnownFileType = text.plist.xml; path = Info.plist; sourceTree = "<group>"; };
/* End PBXFileReference section */

/* Begin PBXFrameworksBuildPhase section */
		C1E1F11E259E5B2800EE02B0 /* Frameworks */ = {
			isa = PBXFrameworksBuildPhase;
			buildActionMask = 2147483647;
			files = (
			);
			runOnlyForDeploymentPostprocessing = 0;
		};
/* End PBXFrameworksBuildPhase section */

/* Begin PBXGroup section */
		C1E1F118259E5B2800EE02B0 = {
			isa = PBXGroup;
			children = (
				C1E1F123259E5B2800EE02B0 /* Levenslot-iOS14.3 */,
				C1E1F122259E5B2800EE02B0 /* Products */,
			);
			sourceTree = "<group>";
		};
		C1E1F122259E5B2800EE02B0 /* Products */ = {
			isa = PBXGroup;
			children = (
				C1E1F121259E5B2800EE02B0 /* Levenslot-iOS14.3.app */,
			);
			name = Products;
			sourceTree = "<group>";
		};
		C1E1F123259E5B2800EE02B0 /* Levenslot-iOS14.3 */ = {
			isa = PBXGroup;
			children = (
				C1E1F124259E5B2800EE02B0 /* AppDelegate.swift */,
				C1E1F126259E5B2800EE02B0 /* SceneDelegate.swift */,
				C1E1F128259E5B2800EE02B0 /* ViewController.swift */,
				C1E1F12A259E5B2800EE02B0 /* Main.storyboard */,
				C1E1F12D259E5B3900EE02B0 /* Assets.xcassets */,
				C1E1F12F259E5B3900EE02B0 /* LaunchScreen.storyboard */,
				C1E1F132259E5B3900EE02B0 /* Info.plist */,
			);
			path = "Levenslot-iOS14.3";
			sourceTree = "<group>";
		};
/* End PBXGroup section */

/* Begin PBXNativeTarget section */
		C1E1F120259E5B2800EE02B0 /* Levenslot-iOS14.3 */ = {
			isa = PBXNativeTarget;
			buildConfigurationList = C1E1F135259E5B3900EE02B0 /* Build configuration list for PBXNativeTarget "Levenslot-iOS14.3" */;
			buildPhases = (
				C1E1F11D259E5B2800EE02B0 /* Sources */,
				C1E1F11E259E5B2800EE02B0 /* Frameworks */,
				C1E1F11F259E5B2800EE02B0 /* Resources */,
			);
			buildRules = (
			);
			dependencies = (
			);
			name = "Levenslot-iOS14.3";
			productName = "Levenslot-iOS14.3";
			productReference = C1E1F121259E5B2800EE02B0 /* Levenslot-iOS14.3.app */;
			productType = "com.apple.product-type.application";
		};
/* End PBXNativeTarget section */

/* Begin PBXProject section */
		C1E1F119259E5B2800EE02B0 /* Project object */ = {
			isa = PBXProject;
			attributes = {
				LastSwiftUpdateCheck = 1230;
				LastUpgradeCheck = 1230;
				TargetAttributes = {
					C1E1F120259E5B2800EE02B0 = {
						CreatedOnToolsVersion = 12.3;
					};
				};
			};
			buildConfigurationList = C1E1F11C259E5B2800EE02B0 /* Build configuration list for PBXProject "Levenslot-iOS14.3" */;
			compatibilityVersion = "Xcode 9.3";
			developmentRegion = en;
			hasScannedForEncodings = 0;
			knownRegions = (
				en,
				Base,
			);
			mainGroup = C1E1F118259E5B2800EE02B0;
			productRefGroup = C1E1F122259E5B2800EE02B0 /* Products */;
			projectDirPath = "";
			projectRoot = "";
			targets = (
				C1E1F120259E5B2800EE02B0 /* Levenslot-iOS14.3 */,
			);
		};
/* End PBXProject section */

/* Begin PBXResourcesBuildPhase section */
		C1E1F11F259E5B2800EE02B0 /* Resources */ = {
			isa = PBXResourcesBuildPhase;
			buildActionMask = 2147483647;
			files = (
				C1E1F131259E5B3900EE02B0 /* LaunchScreen.storyboard in Resources */,
				C1E1F12E259E5B3900EE02B0 /* Assets.xcassets in Resources */,
				C1E1F12C259E5B2800EE02B0 /* Main.storyboard in Resources */,
			);
			runOnlyForDeploymentPostprocessing = 0;
		};
/* End PBXResourcesBuildPhase section */

/* Begin PBXSourcesBuildPhase section */
		C1E1F11D259E5B2800EE02B0 /* Sources */ = {
			isa = PBXSourcesBuildPhase;
			buildActionMask = 2147483647;
			files = (
				C1E1F129259E5B2800EE02B0 /* ViewController.swift in Sources */,
				C1E1F125259E5B2800EE02B0 /* AppDelegate.swift in Sources */,
				C1E1F127259E5B2800EE02B0 /* SceneDelegate.swift in Sources */,
			);
			runOnlyForDeploymentPostprocessing = 0;
		};
/* End PBXSourcesBuildPhase section */

/* Begin PBXVariantGroup section */
		C1E1F12A259E5B2800EE02B0 /* Main.storyboard */ = {
			isa = PBXVariantGroup;
			children = (
				C1E1F12B259E5B2800EE02B0 /* Base */,
			);
			name = Main.storyboard;
			sourceTree = "<group>";
		};
		C1E1F12F259E5B3900EE02B0 /* LaunchScreen.storyboard */ = {
			isa = PBXVariantGroup;
			children = (
				C1E1F130259E5B3900EE02B0 /* Base */,
			);
			name = LaunchScreen.storyboard;
			sourceTree = "<group>";
		};
/* End PBXVariantGroup section */

/* Begin XCBuildConfiguration section */
		C1E1F133259E5B3900EE02B0 /* Debug */ = {
			isa = XCBuildConfiguration;
			buildSettings = {
				ALWAYS_SEARCH_USER_PATHS = NO;
				CLANG_ANALYZER_NONNULL = YES;
				CLANG_ANALYZER_NUMBER_OBJECT_CONVERSION = YES_AGGRESSIVE;
				CLANG_CXX_LANGUAGE_STANDARD = "gnu++14";
				CLANG_CXX_LIBRARY = "libc++";
				CLANG_ENABLE_MODULES = YES;
				CLANG_ENABLE_OBJC_ARC = YES;
				CLANG_ENABLE_OBJC_WEAK = YES;
				CLANG_WARN_BLOCK_CAPTURE_AUTORELEASING = YES;
				CLANG_WARN_BOOL_CONVERSION = YES;
				CLANG_WARN_COMMA = YES;
				CLANG_WARN_CONSTANT_CONVERSION = YES;
				CLANG_WARN_DEPRECATED_OBJC_IMPLEMENTATIONS = YES;
				CLANG_WARN_DIRECT_OBJC_ISA_USAGE = YES_ERROR;
				CLANG_WARN_DOCUMENTATION_COMMENTS = YES;
				CLANG_WARN_EMPTY_BODY = YES;
				CLANG_WARN_ENUM_CONVERSION = YES;
				CLANG_WARN_INFINITE_RECURSION = YES;
				CLANG_WARN_INT_CONVERSION = YES;
				CLANG_WARN_NON_LITERAL_NULL_CONVERSION = YES;
				CLANG_WARN_OBJC_IMPLICIT_RETAIN_SELF = YES;
				CLANG_WARN_OBJC_LITERAL_CONVERSION = YES;
				CLANG_WARN_OBJC_ROOT_CLASS = YES_ERROR;
				CLANG_WARN_QUOTED_INCLUDE_IN_FRAMEWORK_HEADER = YES;
				CLANG_WARN_RANGE_LOOP_ANALYSIS = YES;
				CLANG_WARN_STRICT_PROTOTYPES = YES;
				CLANG_WARN_SUSPICIOUS_MOVE = YES;
				CLANG_WARN_UNGUARDED_AVAILABILITY = YES_AGGRESSIVE;
				CLANG_WARN_UNREACHABLE_CODE = YES;
				CLANG_WARN__DUPLICATE_METHOD_MATCH = YES;
				COPY_PHASE_STRIP = NO;
				DEBUG_INFORMATION_FORMAT = dwarf;
				ENABLE_STRICT_OBJC_MSGSEND = YES;
				ENABLE_TESTABILITY = YES;
				GCC_C_LANGUAGE_STANDARD = gnu11;
				GCC_DYNAMIC_NO_PIC = NO;
				GCC_NO_COMMON_BLOCKS = YES;
				GCC_OPTIMIZATION_LEVEL = 0;
				GCC_PREPROCESSOR_DEFINITIONS = (
					"DEBUG=1",
					"$(inherited)",
				);
				GCC_WARN_64_TO_32_BIT_CONVERSION = YES;
				GCC_WARN_ABOUT_RETURN_TYPE = YES_ERROR;
				GCC_WARN_UNDECLARED_SELECTOR = YES;
				GCC_WARN_UNINITIALIZED_AUTOS = YES_AGGRESSIVE;
				GCC_WARN_UNUSED_FUNCTION = YES;
				GCC_WARN_UNUSED_VARIABLE = YES;
				IPHONEOS_DEPLOYMENT_TARGET = 14.3;
				MTL_ENABLE_DEBUG_INFO = INCLUDE_SOURCE;
				MTL_FAST_MATH = YES;
				ONLY_ACTIVE_ARCH = YES;
				SDKROOT = iphoneos;
				SWIFT_ACTIVE_COMPILATION_CONDITIONS = DEBUG;
				SWIFT_OPTIMIZATION_LEVEL = "-Onone";
			};
			name = Debug;
		};
		C1E1F134259E5B3900EE02B0 /* Release */ = {
			isa = XCBuildConfiguration;
			buildSettings = {
				ALWAYS_SEARCH_USER_PATHS = NO;
				CLANG_ANALYZER_NONNULL = YES;
				CLANG_ANALYZER_NUMBER_OBJECT_CONVERSION = YES_AGGRESSIVE;
				CLANG_CXX_LANGUAGE_STANDARD = "gnu++14";
				CLANG_CXX_LIBRARY = "libc++";
				CLANG_ENABLE_MODULES = YES;
				CLANG_ENABLE_OBJC_ARC = YES;
				CLANG_ENABLE_OBJC_WEAK = YES;
				CLANG_WARN_BLOCK_CAPTURE_AUTORELEASING = YES;
				CLANG_WARN_BOOL_CONVERSION = YES;
				CLANG_WARN_COMMA = YES;
				CLANG_WARN_CONSTANT_CONVERSION = YES;
				CLANG_WARN_DEPRECATED_OBJC_IMPLEMENTATIONS = YES;
				CLANG_WARN_DIRECT_OBJC_ISA_USAGE = YES_ERROR;
				CLANG_WARN_DOCUMENTATION_COMMENTS = YES;
				CLANG_WARN_EMPTY_BODY = YES;
				CLANG_WARN_ENUM_CONVERSION = YES;
				CLANG_WARN_INFINITE_RECURSION = YES;
				CLANG_WARN_INT_CONVERSION = YES;
				CLANG_WARN_NON_LITERAL_NULL_CONVERSION = YES;
				CLANG_WARN_OBJC_IMPLICIT_RETAIN_SELF = YES;
				CLANG_WARN_OBJC_LITERAL_CONVERSION = YES;
				CLANG_WARN_OBJC_ROOT_CLASS = YES_ERROR;
				CLANG_WARN_QUOTED_INCLUDE_IN_FRAMEWORK_HEADER = YES;
				CLANG_WARN_RANGE_LOOP_ANALYSIS = YES;
				CLANG_WARN_STRICT_PROTOTYPES = YES;
				CLANG_WARN_SUSPICIOUS_MOVE = YES;
				CLANG_WARN_UNGUARDED_AVAILABILITY = YES_AGGRESSIVE;
				CLANG_WARN_UNREACHABLE_CODE = YES;
				CLANG_WARN__DUPLICATE_METHOD_MATCH = YES;
				COPY_PHASE_STRIP = NO;
				DEBUG_INFORMATION_FORMAT = "dwarf-with-dsym";
				ENABLE_NS_ASSERTIONS = NO;
				ENABLE_STRICT_OBJC_MSGSEND = YES;
				GCC_C_LANGUAGE_STANDARD = gnu11;
				GCC_NO_COMMON_BLOCKS = YES;
				GCC_WARN_64_TO_32_BIT_CONVERSION = YES;
				GCC_WARN_ABOUT_RETURN_TYPE = YES_ERROR;
				GCC_WARN_UNDECLARED_SELECTOR = YES;
				GCC_WARN_UNINITIALIZED_AUTOS = YES_AGGRESSIVE;
				GCC_WARN_UNUSED_FUNCTION = YES;
				GCC_WARN_UNUSED_VARIABLE = YES;
				IPHONEOS_DEPLOYMENT_TARGET = 14.3;
				MTL_ENABLE_DEBUG_INFO = NO;
				MTL_FAST_MATH = YES;
				SDKROOT = iphoneos;
				SWIFT_COMPILATION_MODE = wholemodule;
				SWIFT_OPTIMIZATION_LEVEL = "-O";
				VALIDATE_PRODUCT = YES;
			};
			name = Release;
		};
		C1E1F136259E5B3900EE02B0 /* Debug */ = {
			isa = XCBuildConfiguration;
			buildSettings = {
				ASSETCATALOG_COMPILER_APPICON_NAME = AppIcon;
				ASSETCATALOG_COMPILER_GLOBAL_ACCENT_COLOR_NAME = AccentColor;
				CODE_SIGN_STYLE = Automatic;
				DEVELOPMENT_TEAM = 67VPYHQXK6;
				INFOPLIST_FILE = "Levenslot-iOS14.3/Info.plist";
				LD_RUNPATH_SEARCH_PATHS = (
					"$(inherited)",
					"@executable_path/Frameworks",
				);
				PRODUCT_BUNDLE_IDENTIFIER = "nl.zuidbos.Levenslot-iOS14-3";
				PRODUCT_NAME = "$(TARGET_NAME)";
				SWIFT_VERSION = 5.0;
				TARGETED_DEVICE_FAMILY = "1,2";
			};
			name = Debug;
		};
		C1E1F137259E5B3900EE02B0 /* Release */ = {
			isa = XCBuildConfiguration;
			buildSettings = {
				ASSETCATALOG_COMPILER_APPICON_NAME = AppIcon;
				ASSETCATALOG_COMPILER_GLOBAL_ACCENT_COLOR_NAME = AccentColor;
				CODE_SIGN_STYLE = Automatic;
				DEVELOPMENT_TEAM = 67VPYHQXK6;
				INFOPLIST_FILE = "Levenslot-iOS14.3/Info.plist";
				LD_RUNPATH_SEARCH_PATHS = (
					"$(inherited)",
					"@executable_path/Frameworks",
				);
				PRODUCT_BUNDLE_IDENTIFIER = "nl.zuidbos.Levenslot-iOS14-3";
				PRODUCT_NAME = "$(TARGET_NAME)";
				SWIFT_VERSION = 5.0;
				TARGETED_DEVICE_FAMILY = "1,2";
			};
			name = Release;
		};
/* End XCBuildConfiguration section */

/* Begin XCConfigurationList section */
		C1E1F11C259E5B2800EE02B0 /* Build configuration list for PBXProject "Levenslot-iOS14.3" */ = {
			isa = XCConfigurationList;
			buildConfigurations = (
				C1E1F133259E5B3900EE02B0 /* Debug */,
				C1E1F134259E5B3900EE02B0 /* Release */,
			);
			defaultConfigurationIsVisible = 0;
			defaultConfigurationName = Release;
		};
		C1E1F135259E5B3900EE02B0 /* Build configuration list for PBXNativeTarget "Levenslot-iOS14.3" */ = {
			isa = XCConfigurationList;
			buildConfigurations = (
				C1E1F136259E5B3900EE02B0 /* Debug */,
				C1E1F137259E5B3900EE02B0 /* Release */,
			);
			defaultConfigurationIsVisible = 0;
			defaultConfigurationName = Release;
		};
/* End XCConfigurationList section */
	};
	rootObject = C1E1F119259E5B2800EE02B0 /* Project object */;
}
